
Microsoft Visual Studio Solution File, Format Version 12.00
# Visual Studio Version 17
VisualStudioVersion = 17.5.002.0
MinimumVisualStudioVersion = 10.0.40219.1
Project("{9A19103F-16F7-4668-BE54-9A1E7A4F7556}") = "PayAPI", "PayAPI.csproj", "{17E37726-DD3F-43D4-85A9-747BBF308FAC}"
EndProject
Global
	GlobalSection(SolutionConfigurationPlatforms) = preSolution
		Debug|Any CPU = Debug|Any CPU
		Release|Any CPU = Release|Any CPU
	EndGlobalSection
	GlobalSection(ProjectConfigurationPlatforms) = postSolution
		{17E37726-DD3F-43D4-85A9-747BBF308FAC}.Debug|Any CPU.ActiveCfg = Debug|Any CPU
		{17E37726-DD3F-43D4-85A9-747BBF308FAC}.Debug|Any CPU.Build.0 = Debug|Any CPU
		{17E37726-DD3F-43D4-85A9-747BBF308FAC}.Release|Any CPU.ActiveCfg = Release|Any CPU
		{17E37726-DD3F-43D4-85A9-747BBF308FAC}.Release|Any CPU.Build.0 = Release|Any CPU
	EndGlobalSection
	GlobalSection(SolutionProperties) = preSolution
		HideSolutionNode = FALSE
	EndGlobalSection
	GlobalSection(ExtensibilityGlobals) = postSolution
		SolutionGuid = {E2DD73DE-B1E9-4E0A-B519-958060A64B39}
	EndGlobalSection
EndGlobal
